
Microsoft Visual Studio Solution File, Format Version 12.00
# Visual Studio Version 17
VisualStudioVersion = 17.8.34322.80
MinimumVisualStudioVersion = 10.0.40219.1
Project("{FAE04EC0-301F-11D3-BF4B-00C04F79EFBC}") = "API-MOVIE", "API-MOVIE\API-MOVIE.csproj", "{BB1C078E-3DEB-43E5-97EB-7E012A75F772}"
EndProject
Global
	GlobalSection(SolutionConfigurationPlatforms) = preSolution
		Debug|Any CPU = Debug|Any CPU
		Release|Any CPU = Release|Any CPU
	EndGlobalSection
	GlobalSection(ProjectConfigurationPlatforms) = postSolution
		{BB1C078E-3DEB-43E5-97EB-7E012A75F772}.Debug|Any CPU.ActiveCfg = Debug|Any CPU
		{BB1C078E-3DEB-43E5-97EB-7E012A75F772}.Debug|Any CPU.Build.0 = Debug|Any CPU
		{BB1C078E-3DEB-43E5-97EB-7E012A75F772}.Release|Any CPU.ActiveCfg = Release|Any CPU
		{BB1C078E-3DEB-43E5-97EB-7E012A75F772}.Release|Any CPU.Build.0 = Release|Any CPU
	EndGlobalSection
	GlobalSection(SolutionProperties) = preSolution
		HideSolutionNode = FALSE
	EndGlobalSection
	GlobalSection(ExtensibilityGlobals) = postSolution
		SolutionGuid = {3704C07C-95AB-46CE-80CE-0348279E4751}
	EndGlobalSection
EndGlobal
